{
  "requires": true,
  "lockfileVersion": 1,
  "dependencies": {
    "@fdaciuk/ajax": {
      "version": "3.0.4",
      "resolved": "https://registry.npmjs.org/@fdaciuk/ajax/-/ajax-3.0.4.tgz",
      "integrity": "sha512-pVTxdfHLSy3Pb0VGVk3NX9L/ahZ6hexJudtLsyR6/a7A4+Kyh7dY0mnMatODXswPQ0tkId1zuEKCjmalnCyYtQ=="
    }
  }
}
